
Microsoft Visual Studio Solution File, Format Version 12.00
# Visual Studio 2012
Project("{FAE04EC0-301F-11D3-BF4B-00C04F79EFBC}") = "Rest.Client", "RestClient\Rest.Client.csproj", "{006A8339-54CB-49DA-A7F3-C7ACB1125929}"
EndProject
Project("{FAE04EC0-301F-11D3-BF4B-00C04F79EFBC}") = "RestClient.Tests", "tests\RestClient.Tests\RestClient.Tests.csproj", "{9971CD34-2163-443E-97D5-3F47EE505232}"
EndProject
Global
	GlobalSection(SolutionConfigurationPlatforms) = preSolution
		Debug|Any CPU = Debug|Any CPU
		Release|Any CPU = Release|Any CPU
	EndGlobalSection
	GlobalSection(ProjectConfigurationPlatforms) = postSolution
		{006A8339-54CB-49DA-A7F3-C7ACB1125929}.Debug|Any CPU.ActiveCfg = Debug|Any CPU
		{006A8339-54CB-49DA-A7F3-C7ACB1125929}.Debug|Any CPU.Build.0 = Debug|Any CPU
		{006A8339-54CB-49DA-A7F3-C7ACB1125929}.Release|Any CPU.ActiveCfg = Release|Any CPU
		{006A8339-54CB-49DA-A7F3-C7ACB1125929}.Release|Any CPU.Build.0 = Release|Any CPU
		{9971CD34-2163-443E-97D5-3F47EE505232}.Debug|Any CPU.ActiveCfg = Debug|Any CPU
		{9971CD34-2163-443E-97D5-3F47EE505232}.Debug|Any CPU.Build.0 = Debug|Any CPU
		{9971CD34-2163-443E-97D5-3F47EE505232}.Release|Any CPU.ActiveCfg = Release|Any CPU
		{9971CD34-2163-443E-97D5-3F47EE505232}.Release|Any CPU.Build.0 = Release|Any CPU
	EndGlobalSection
EndGlobal
